
Microsoft Visual Studio Solution File, Format Version 12.00
# Visual Studio Version 17
VisualStudioVersion = 17.9.34723.18
MinimumVisualStudioVersion = 10.0.40219.1
Project("{9A19103F-16F7-4668-BE54-9A1E7A4F7556}") = "EventBus", "EventBus\EventBus.csproj", "{4FB4A2E0-B36D-4B2D-BA87-2FCE2C9CD052}"
EndProject
Global
	GlobalSection(SolutionConfigurationPlatforms) = preSolution
		Debug|Any CPU = Debug|Any CPU
		Release|Any CPU = Release|Any CPU
	EndGlobalSection
	GlobalSection(ProjectConfigurationPlatforms) = postSolution
		{4FB4A2E0-B36D-4B2D-BA87-2FCE2C9CD052}.Debug|Any CPU.ActiveCfg = Release|Any CPU
		{4FB4A2E0-B36D-4B2D-BA87-2FCE2C9CD052}.Debug|Any CPU.Build.0 = Release|Any CPU
		{4FB4A2E0-B36D-4B2D-BA87-2FCE2C9CD052}.Release|Any CPU.ActiveCfg = Release|Any CPU
		{4FB4A2E0-B36D-4B2D-BA87-2FCE2C9CD052}.Release|Any CPU.Build.0 = Release|Any CPU
	EndGlobalSection
	GlobalSection(SolutionProperties) = preSolution
		HideSolutionNode = FALSE
	EndGlobalSection
	GlobalSection(ExtensibilityGlobals) = postSolution
		SolutionGuid = {AE90BBC0-593E-4B2C-8D36-C3867D17BD76}
	EndGlobalSection
EndGlobal
